
Microsoft Visual Studio Solution File, Format Version 12.00
# Visual Studio 15
VisualStudioVersion = 15.0.28010.2036
MinimumVisualStudioVersion = 10.0.40219.1
Project("{FAE04EC0-301F-11D3-BF4B-00C04F79EFBC}") = "Action4AspNetWebForm", "Action4AspNetWebForm\Action4AspNetWebForm.csproj", "{C1821053-0256-43C8-98D6-D809F460733F}"
EndProject
Global
	GlobalSection(SolutionConfigurationPlatforms) = preSolution
		Debug|Any CPU = Debug|Any CPU
		Release|Any CPU = Release|Any CPU
	EndGlobalSection
	GlobalSection(ProjectConfigurationPlatforms) = postSolution
		{C1821053-0256-43C8-98D6-D809F460733F}.Debug|Any CPU.ActiveCfg = Debug|Any CPU
		{C1821053-0256-43C8-98D6-D809F460733F}.Debug|Any CPU.Build.0 = Debug|Any CPU
		{C1821053-0256-43C8-98D6-D809F460733F}.Release|Any CPU.ActiveCfg = Release|Any CPU
		{C1821053-0256-43C8-98D6-D809F460733F}.Release|Any CPU.Build.0 = Release|Any CPU
	EndGlobalSection
	GlobalSection(SolutionProperties) = preSolution
		HideSolutionNode = FALSE
	EndGlobalSection
	GlobalSection(ExtensibilityGlobals) = postSolution
		SolutionGuid = {8D32B437-8D41-4105-A087-8FC6832A71E4}
	EndGlobalSection
EndGlobal
